
Microsoft Visual Studio Solution File, Format Version 12.00
# Visual Studio 14
VisualStudioVersion = 14.0.25123.0
MinimumVisualStudioVersion = 10.0.40219.1
Project("{2150E333-8FDC-42A3-9474-1A3956D46DE8}") = "Library", "Library", "{86D839CA-2213-45C8-8E89-265C8D401A81}"
EndProject
Project("{FAE04EC0-301F-11D3-BF4B-00C04F79EFBC}") = "ABS.Core", "ABS.Core\ABS.Core.csproj", "{A7C8EA60-DD7A-4659-A416-2C7956E007C3}"
EndProject
Project("{FAE04EC0-301F-11D3-BF4B-00C04F79EFBC}") = "ABS.Data", "ABS.Data\ABS.Data.csproj", "{741535F6-4CCC-4533-88FF-C16782726329}"
EndProject
Project("{FAE04EC0-301F-11D3-BF4B-00C04F79EFBC}") = "ABS.Service", "ABS.Service\ABS.Service.csproj", "{67624104-907A-4C14-84F9-0EC500EE01E5}"
EndProject
Project("{2150E333-8FDC-42A3-9474-1A3956D46DE8}") = "WebAPI.Service", "WebAPI.Service", "{57F6448A-CCF6-4E3E-B5F8-9FE4FD199AB9}"
EndProject
Project("{FAE04EC0-301F-11D3-BF4B-00C04F79EFBC}") = "ABS.WebAPI", "ABS.WebAPI\ABS.WebAPI.csproj", "{4DB4467A-4B0B-4F0A-8B95-8FCEDFA203A2}"
EndProject
Project("{FAE04EC0-301F-11D3-BF4B-00C04F79EFBC}") = "ABS.Data.Test", "ABS.Data.Test\ABS.Data.Test.csproj", "{7B1BE09E-9184-406E-8B26-4CBC225A9F0E}"
EndProject
Global
	GlobalSection(SolutionConfigurationPlatforms) = preSolution
		Debug|Any CPU = Debug|Any CPU
		Release|Any CPU = Release|Any CPU
	EndGlobalSection
	GlobalSection(ProjectConfigurationPlatforms) = postSolution
		{A7C8EA60-DD7A-4659-A416-2C7956E007C3}.Debug|Any CPU.ActiveCfg = Debug|Any CPU
		{A7C8EA60-DD7A-4659-A416-2C7956E007C3}.Debug|Any CPU.Build.0 = Debug|Any CPU
		{A7C8EA60-DD7A-4659-A416-2C7956E007C3}.Release|Any CPU.ActiveCfg = Release|Any CPU
		{A7C8EA60-DD7A-4659-A416-2C7956E007C3}.Release|Any CPU.Build.0 = Release|Any CPU
		{741535F6-4CCC-4533-88FF-C16782726329}.Debug|Any CPU.ActiveCfg = Debug|Any CPU
		{741535F6-4CCC-4533-88FF-C16782726329}.Debug|Any CPU.Build.0 = Debug|Any CPU
		{741535F6-4CCC-4533-88FF-C16782726329}.Release|Any CPU.ActiveCfg = Release|Any CPU
		{741535F6-4CCC-4533-88FF-C16782726329}.Release|Any CPU.Build.0 = Release|Any CPU
		{67624104-907A-4C14-84F9-0EC500EE01E5}.Debug|Any CPU.ActiveCfg = Debug|Any CPU
		{67624104-907A-4C14-84F9-0EC500EE01E5}.Debug|Any CPU.Build.0 = Debug|Any CPU
		{67624104-907A-4C14-84F9-0EC500EE01E5}.Release|Any CPU.ActiveCfg = Release|Any CPU
		{67624104-907A-4C14-84F9-0EC500EE01E5}.Release|Any CPU.Build.0 = Release|Any CPU
		{4DB4467A-4B0B-4F0A-8B95-8FCEDFA203A2}.Debug|Any CPU.ActiveCfg = Debug|Any CPU
		{4DB4467A-4B0B-4F0A-8B95-8FCEDFA203A2}.Debug|Any CPU.Build.0 = Debug|Any CPU
		{4DB4467A-4B0B-4F0A-8B95-8FCEDFA203A2}.Release|Any CPU.ActiveCfg = Release|Any CPU
		{4DB4467A-4B0B-4F0A-8B95-8FCEDFA203A2}.Release|Any CPU.Build.0 = Release|Any CPU
		{7B1BE09E-9184-406E-8B26-4CBC225A9F0E}.Debug|Any CPU.ActiveCfg = Debug|Any CPU
		{7B1BE09E-9184-406E-8B26-4CBC225A9F0E}.Debug|Any CPU.Build.0 = Debug|Any CPU
		{7B1BE09E-9184-406E-8B26-4CBC225A9F0E}.Release|Any CPU.ActiveCfg = Release|Any CPU
		{7B1BE09E-9184-406E-8B26-4CBC225A9F0E}.Release|Any CPU.Build.0 = Release|Any CPU
	EndGlobalSection
	GlobalSection(SolutionProperties) = preSolution
		HideSolutionNode = FALSE
	EndGlobalSection
	GlobalSection(NestedProjects) = preSolution
		{A7C8EA60-DD7A-4659-A416-2C7956E007C3} = {86D839CA-2213-45C8-8E89-265C8D401A81}
		{741535F6-4CCC-4533-88FF-C16782726329} = {86D839CA-2213-45C8-8E89-265C8D401A81}
		{67624104-907A-4C14-84F9-0EC500EE01E5} = {86D839CA-2213-45C8-8E89-265C8D401A81}
		{4DB4467A-4B0B-4F0A-8B95-8FCEDFA203A2} = {57F6448A-CCF6-4E3E-B5F8-9FE4FD199AB9}
		{7B1BE09E-9184-406E-8B26-4CBC225A9F0E} = {86D839CA-2213-45C8-8E89-265C8D401A81}
	EndGlobalSection
EndGlobal
